
Microsoft Visual Studio Solution File, Format Version 12.00
# Visual Studio Version 17
VisualStudioVersion = 17.0.31912.275
MinimumVisualStudioVersion = 10.0.40219.1
Project("{9A19103F-16F7-4668-BE54-9A1E7A4F7556}") = "IterationTestApp", "IterationTestApp.csproj", "{AC48D492-42D6-4CEC-9396-8D5E1C05EC22}"
EndProject
Global
	GlobalSection(SolutionConfigurationPlatforms) = preSolution
		Debug|Any CPU = Debug|Any CPU
		Release|Any CPU = Release|Any CPU
	EndGlobalSection
	GlobalSection(ProjectConfigurationPlatforms) = postSolution
		{AC48D492-42D6-4CEC-9396-8D5E1C05EC22}.Debug|Any CPU.ActiveCfg = Debug|Any CPU
		{AC48D492-42D6-4CEC-9396-8D5E1C05EC22}.Debug|Any CPU.Build.0 = Debug|Any CPU
		{AC48D492-42D6-4CEC-9396-8D5E1C05EC22}.Release|Any CPU.ActiveCfg = Release|Any CPU
		{AC48D492-42D6-4CEC-9396-8D5E1C05EC22}.Release|Any CPU.Build.0 = Release|Any CPU
	EndGlobalSection
	GlobalSection(SolutionProperties) = preSolution
		HideSolutionNode = FALSE
	EndGlobalSection
	GlobalSection(ExtensibilityGlobals) = postSolution
		SolutionGuid = {DA11BBF3-9CA8-44FE-A273-AE258AC6E499}
	EndGlobalSection
EndGlobal
